
Microsoft Visual Studio Solution File, Format Version 12.00
# Visual Studio Version 16
VisualStudioVersion = 16.0.30907.101
MinimumVisualStudioVersion = 10.0.40219.1
Project("{9A19103F-16F7-4668-BE54-9A1E7A4F7556}") = "Technagem.Tools", "Tools\Technagem.Tools.csproj", "{F3876683-5ACA-4979-B550-BF26A785E2EB}"
EndProject
Project("{9A19103F-16F7-4668-BE54-9A1E7A4F7556}") = "Technagem.Libs", "Libs\Technagem.Libs.csproj", "{207F2A25-2F34-4B4E-AFA8-6C1AC2FF1B5C}"
EndProject
Global
	GlobalSection(SolutionConfigurationPlatforms) = preSolution
		Debug|Any CPU = Debug|Any CPU
		Release|Any CPU = Release|Any CPU
	EndGlobalSection
	GlobalSection(ProjectConfigurationPlatforms) = postSolution
		{F3876683-5ACA-4979-B550-BF26A785E2EB}.Debug|Any CPU.ActiveCfg = Debug|Any CPU
		{F3876683-5ACA-4979-B550-BF26A785E2EB}.Debug|Any CPU.Build.0 = Debug|Any CPU
		{F3876683-5ACA-4979-B550-BF26A785E2EB}.Release|Any CPU.ActiveCfg = Release|Any CPU
		{F3876683-5ACA-4979-B550-BF26A785E2EB}.Release|Any CPU.Build.0 = Release|Any CPU
		{207F2A25-2F34-4B4E-AFA8-6C1AC2FF1B5C}.Debug|Any CPU.ActiveCfg = Debug|Any CPU
		{207F2A25-2F34-4B4E-AFA8-6C1AC2FF1B5C}.Debug|Any CPU.Build.0 = Debug|Any CPU
		{207F2A25-2F34-4B4E-AFA8-6C1AC2FF1B5C}.Release|Any CPU.ActiveCfg = Release|Any CPU
		{207F2A25-2F34-4B4E-AFA8-6C1AC2FF1B5C}.Release|Any CPU.Build.0 = Release|Any CPU
	EndGlobalSection
	GlobalSection(SolutionProperties) = preSolution
		HideSolutionNode = FALSE
	EndGlobalSection
	GlobalSection(ExtensibilityGlobals) = postSolution
		SolutionGuid = {04297074-81C0-4F24-882C-E156024EA8EE}
	EndGlobalSection
EndGlobal
